
Microsoft Visual Studio Solution File, Format Version 12.00
# Visual Studio Version 16
VisualStudioVersion = 16.0.31613.86
MinimumVisualStudioVersion = 10.0.40219.1
Project("{FAE04EC0-301F-11D3-BF4B-00C04F79EFBC}") = "Exercicio10", "Exercicio10\Exercicio10.csproj", "{196E6A49-2149-4B0A-AA7B-6BA52D1A5D8E}"
EndProject
Global
	GlobalSection(SolutionConfigurationPlatforms) = preSolution
		Debug|Any CPU = Debug|Any CPU
		Release|Any CPU = Release|Any CPU
	EndGlobalSection
	GlobalSection(ProjectConfigurationPlatforms) = postSolution
		{196E6A49-2149-4B0A-AA7B-6BA52D1A5D8E}.Debug|Any CPU.ActiveCfg = Debug|Any CPU
		{196E6A49-2149-4B0A-AA7B-6BA52D1A5D8E}.Debug|Any CPU.Build.0 = Debug|Any CPU
		{196E6A49-2149-4B0A-AA7B-6BA52D1A5D8E}.Release|Any CPU.ActiveCfg = Release|Any CPU
		{196E6A49-2149-4B0A-AA7B-6BA52D1A5D8E}.Release|Any CPU.Build.0 = Release|Any CPU
	EndGlobalSection
	GlobalSection(SolutionProperties) = preSolution
		HideSolutionNode = FALSE
	EndGlobalSection
	GlobalSection(ExtensibilityGlobals) = postSolution
		SolutionGuid = {AF28D2C6-358A-4707-90F4-05BEAFF4F758}
	EndGlobalSection
EndGlobal
